
Microsoft Visual Studio Solution File, Format Version 12.00
# Visual Studio 2013
VisualStudioVersion = 12.0.31101.0
MinimumVisualStudioVersion = 10.0.40219.1
Project("{E09DD79A-4488-4AB9-8D3F-A7EEE78BF432}") = "Ltc.MSBuild.UpdateVersionWithOptions.targets", "Ltc.MSBuild.UpdateVersionWithOptions.targets\Ltc.MSBuild.UpdateVersionWithOptions.targets.nuproj", "{49E806B9-264E-40B4-B55F-F022EACE00CB}"
EndProject
Global
	GlobalSection(SolutionConfigurationPlatforms) = preSolution
		Debug|Any CPU = Debug|Any CPU
		Release|Any CPU = Release|Any CPU
	EndGlobalSection
	GlobalSection(ProjectConfigurationPlatforms) = postSolution
		{49E806B9-264E-40B4-B55F-F022EACE00CB}.Debug|Any CPU.ActiveCfg = Debug|Any CPU
		{49E806B9-264E-40B4-B55F-F022EACE00CB}.Debug|Any CPU.Build.0 = Debug|Any CPU
		{49E806B9-264E-40B4-B55F-F022EACE00CB}.Release|Any CPU.ActiveCfg = Release|Any CPU
		{49E806B9-264E-40B4-B55F-F022EACE00CB}.Release|Any CPU.Build.0 = Release|Any CPU
	EndGlobalSection
	GlobalSection(SolutionProperties) = preSolution
		HideSolutionNode = FALSE
	EndGlobalSection
EndGlobal
